
Microsoft Visual Studio Solution File, Format Version 12.00
# Visual Studio Version 17
VisualStudioVersion = 17.7.34018.315
MinimumVisualStudioVersion = 10.0.40219.1
Project("{8BC9CEB8-8B4A-11D0-8D11-00A0C91BC942}") = "Arrays_and_Strings", "Arrays_and_Strings\Arrays_and_Strings.vcxproj", "{846ACA45-98A1-48BB-B5A9-779179299609}"
EndProject
Global
	GlobalSection(SolutionConfigurationPlatforms) = preSolution
		Debug|x64 = Debug|x64
		Debug|x86 = Debug|x86
		Release|x64 = Release|x64
		Release|x86 = Release|x86
	EndGlobalSection
	GlobalSection(ProjectConfigurationPlatforms) = postSolution
		{846ACA45-98A1-48BB-B5A9-779179299609}.Debug|x64.ActiveCfg = Debug|x64
		{846ACA45-98A1-48BB-B5A9-779179299609}.Debug|x64.Build.0 = Debug|x64
		{846ACA45-98A1-48BB-B5A9-779179299609}.Debug|x86.ActiveCfg = Debug|Win32
		{846ACA45-98A1-48BB-B5A9-779179299609}.Debug|x86.Build.0 = Debug|Win32
		{846ACA45-98A1-48BB-B5A9-779179299609}.Release|x64.ActiveCfg = Release|x64
		{846ACA45-98A1-48BB-B5A9-779179299609}.Release|x64.Build.0 = Release|x64
		{846ACA45-98A1-48BB-B5A9-779179299609}.Release|x86.ActiveCfg = Release|Win32
		{846ACA45-98A1-48BB-B5A9-779179299609}.Release|x86.Build.0 = Release|Win32
	EndGlobalSection
	GlobalSection(SolutionProperties) = preSolution
		HideSolutionNode = FALSE
	EndGlobalSection
	GlobalSection(ExtensibilityGlobals) = postSolution
		SolutionGuid = {B18C3E0C-26E9-4B59-B970-943EC010C5C7}
	EndGlobalSection
EndGlobal
